// !$*UTF8*$!
{
	archiveVersion = 1;
	classes = {
	};
	objectVersion = 50;
	objects = {

/* Begin PBXBuildFile section */
		2FC497CA2243BDB600EEF224 /* AppDelegate.swift in Sources */ = {isa = PBXBuildFile; fileRef = 2FC497C92243BDB600EEF224 /* AppDelegate.swift */; };
		2FC497CC2243BDB600EEF224 /* ViewController.swift in Sources */ = {isa = PBXBuildFile; fileRef = 2FC497CB2243BDB600EEF224 /* ViewController.swift */; };
		2FC497CF2243BDB600EEF224 /* Main.storyboard in Resources */ = {isa = PBXBuildFile; fileRef = 2FC497CD2243BDB600EEF224 /* Main.storyboard */; };
		2FC497D12243BDB700EEF224 /* Assets.xcassets in Resources */ = {isa = PBXBuildFile; fileRef = 2FC497D02243BDB700EEF224 /* Assets.xcassets */; };
		2FC497D42243BDB700EEF224 /* LaunchScreen.storyboard in Resources */ = {isa = PBXBuildFile; fileRef = 2FC497D22243BDB700EEF224 /* LaunchScreen.storyboard */; };
		2FC497DC2243BEB300EEF224 /* UploadService.swift in Sources */ = {isa = PBXBuildFile; fileRef = 2FC497DB2243BEB300EEF224 /* UploadService.swift */; };
		2FC497DE2244C7DE00EEF224 /* ImgModel.swift in Sources */ = {isa = PBXBuildFile; fileRef = 2FC497DD2244C7DE00EEF224 /* ImgModel.swift */; };
		2FC497E42265B0D800EEF224 /* StringRes.swift in Sources */ = {isa = PBXBuildFile; fileRef = 2FC497E32265B0D800EEF224 /* StringRes.swift */; };
		2FC497E62265B22100EEF224 /* FilesGetServices.swift in Sources */ = {isa = PBXBuildFile; fileRef = 2FC497E52265B22100EEF224 /* FilesGetServices.swift */; };
		2FC497E82266445B00EEF224 /* FilesDeleteServices.swift in Sources */ = {isa = PBXBuildFile; fileRef = 2FC497E72266445B00EEF224 /* FilesDeleteServices.swift */; };
		2FC497EA2266514E00EEF224 /* FolderServices.swift in Sources */ = {isa = PBXBuildFile; fileRef = 2FC497E92266514E00EEF224 /* FolderServices.swift */; };
/* End PBXBuildFile section */

/* Begin PBXFileReference section */
		2FC497C62243BDB600EEF224 /* ServerAssignment.app */ = {isa = PBXFileReference; explicitFileType = wrapper.application; includeInIndex = 0; path = ServerAssignment.app; sourceTree = BUILT_PRODUCTS_DIR; };
		2FC497C92243BDB600EEF224 /* AppDelegate.swift */ = {isa = PBXFileReference; lastKnownFileType = sourcecode.swift; path = AppDelegate.swift; sourceTree = "<group>"; };
		2FC497CB2243BDB600EEF224 /* ViewController.swift */ = {isa = PBXFileReference; lastKnownFileType = sourcecode.swift; path = ViewController.swift; sourceTree = "<group>"; };
		2FC497CE2243BDB600EEF224 /* Base */ = {isa = PBXFileReference; lastKnownFileType = file.storyboard; name = Base; path = Base.lproj/Main.storyboard; sourceTree = "<group>"; };
		2FC497D02243BDB700EEF224 /* Assets.xcassets */ = {isa = PBXFileReference; lastKnownFileType = folder.assetcatalog; path = Assets.xcassets; sourceTree = "<group>"; };
		2FC497D32243BDB700EEF224 /* Base */ = {isa = PBXFileReference; lastKnownFileType = file.storyboard; name = Base; path = Base.lproj/LaunchScreen.storyboard; sourceTree = "<group>"; };
		2FC497D52243BDB700EEF224 /* Info.plist */ = {isa = PBXFileReference; lastKnownFileType = text.plist.xml; path = Info.plist; sourceTree = "<group>"; };
		2FC497DB2243BEB300EEF224 /* UploadService.swift */ = {isa = PBXFileReference; lastKnownFileType = sourcecode.swift; path = UploadService.swift; sourceTree = "<group>"; };
		2FC497DD2244C7DE00EEF224 /* ImgModel.swift */ = {isa = PBXFileReference; lastKnownFileType = sourcecode.swift; path = ImgModel.swift; sourceTree = "<group>"; };
		2FC497E32265B0D800EEF224 /* StringRes.swift */ = {isa = PBXFileReference; lastKnownFileType = sourcecode.swift; path = StringRes.swift; sourceTree = "<group>"; };
		2FC497E52265B22100EEF224 /* FilesGetServices.swift */ = {isa = PBXFileReference; lastKnownFileType = sourcecode.swift; path = FilesGetServices.swift; sourceTree = "<group>"; };
		2FC497E72266445B00EEF224 /* FilesDeleteServices.swift */ = {isa = PBXFileReference; lastKnownFileType = sourcecode.swift; path = FilesDeleteServices.swift; sourceTree = "<group>"; };
		2FC497E92266514E00EEF224 /* FolderServices.swift */ = {isa = PBXFileReference; lastKnownFileType = sourcecode.swift; path = FolderServices.swift; sourceTree = "<group>"; };
/* End PBXFileReference section */

/* Begin PBXFrameworksBuildPhase section */
		2FC497C32243BDB500EEF224 /* Frameworks */ = {
			isa = PBXFrameworksBuildPhase;
			buildActionMask = 2147483647;
			files = (
			);
			runOnlyForDeploymentPostprocessing = 0;
		};
/* End PBXFrameworksBuildPhase section */

/* Begin PBXGroup section */
		2FC497BD2243BDB500EEF224 = {
			isa = PBXGroup;
			children = (
				2FC497C82243BDB600EEF224 /* ServerAssignment */,
				2FC497C72243BDB600EEF224 /* Products */,
			);
			sourceTree = "<group>";
		};
		2FC497C72243BDB600EEF224 /* Products */ = {
			isa = PBXGroup;
			children = (
				2FC497C62243BDB600EEF224 /* ServerAssignment.app */,
			);
			name = Products;
			sourceTree = "<group>";
		};
		2FC497C82243BDB600EEF224 /* ServerAssignment */ = {
			isa = PBXGroup;
			children = (
				2FC497E22265AF8900EEF224 /* VC */,
				2FC497E12265AF8000EEF224 /* Services */,
				2FC497C92243BDB600EEF224 /* AppDelegate.swift */,
				2FC497CD2243BDB600EEF224 /* Main.storyboard */,
				2FC497D02243BDB700EEF224 /* Assets.xcassets */,
				2FC497D22243BDB700EEF224 /* LaunchScreen.storyboard */,
				2FC497D52243BDB700EEF224 /* Info.plist */,
				2FC497DD2244C7DE00EEF224 /* ImgModel.swift */,
				2FC497E32265B0D800EEF224 /* StringRes.swift */,
			);
			path = ServerAssignment;
			sourceTree = "<group>";
		};
		2FC497E12265AF8000EEF224 /* Services */ = {
			isa = PBXGroup;
			children = (
				2FC497DB2243BEB300EEF224 /* UploadService.swift */,
				2FC497E52265B22100EEF224 /* FilesGetServices.swift */,
				2FC497E72266445B00EEF224 /* FilesDeleteServices.swift */,
				2FC497E92266514E00EEF224 /* FolderServices.swift */,
			);
			path = Services;
			sourceTree = "<group>";
		};
		2FC497E22265AF8900EEF224 /* VC */ = {
			isa = PBXGroup;
			children = (
				2FC497CB2243BDB600EEF224 /* ViewController.swift */,
			);
			path = VC;
			sourceTree = "<group>";
		};
/* End PBXGroup section */

/* Begin PBXNativeTarget section */
		2FC497C52243BDB500EEF224 /* ServerAssignment */ = {
			isa = PBXNativeTarget;
			buildConfigurationList = 2FC497D82243BDB700EEF224 /* Build configuration list for PBXNativeTarget "ServerAssignment" */;
			buildPhases = (
				2FC497C22243BDB500EEF224 /* Sources */,
				2FC497C32243BDB500EEF224 /* Frameworks */,
				2FC497C42243BDB500EEF224 /* Resources */,
			);
			buildRules = (
			);
			dependencies = (
			);
			name = ServerAssignment;
			productName = ServerAssignment;
			productReference = 2FC497C62243BDB600EEF224 /* ServerAssignment.app */;
			productType = "com.apple.product-type.application";
		};
/* End PBXNativeTarget section */

/* Begin PBXProject section */
		2FC497BE2243BDB500EEF224 /* Project object */ = {
			isa = PBXProject;
			attributes = {
				LastSwiftUpdateCheck = 1010;
				LastUpgradeCheck = 1010;
				ORGANIZATIONNAME = Metropolia;
				TargetAttributes = {
					2FC497C52243BDB500EEF224 = {
						CreatedOnToolsVersion = 10.1;
					};
				};
			};
			buildConfigurationList = 2FC497C12243BDB500EEF224 /* Build configuration list for PBXProject "ServerAssignment" */;
			compatibilityVersion = "Xcode 9.3";
			developmentRegion = en;
			hasScannedForEncodings = 0;
			knownRegions = (
				en,
				Base,
			);
			mainGroup = 2FC497BD2243BDB500EEF224;
			productRefGroup = 2FC497C72243BDB600EEF224 /* Products */;
			projectDirPath = "";
			projectRoot = "";
			targets = (
				2FC497C52243BDB500EEF224 /* ServerAssignment */,
			);
		};
/* End PBXProject section */

/* Begin PBXResourcesBuildPhase section */
		2FC497C42243BDB500EEF224 /* Resources */ = {
			isa = PBXResourcesBuildPhase;
			buildActionMask = 2147483647;
			files = (
				2FC497D42243BDB700EEF224 /* LaunchScreen.storyboard in Resources */,
				2FC497D12243BDB700EEF224 /* Assets.xcassets in Resources */,
				2FC497CF2243BDB600EEF224 /* Main.storyboard in Resources */,
			);
			runOnlyForDeploymentPostprocessing = 0;
		};
/* End PBXResourcesBuildPhase section */

/* Begin PBXSourcesBuildPhase section */
		2FC497C22243BDB500EEF224 /* Sources */ = {
			isa = PBXSourcesBuildPhase;
			buildActionMask = 2147483647;
			files = (
				2FC497CC2243BDB600EEF224 /* ViewController.swift in Sources */,
				2FC497CA2243BDB600EEF224 /* AppDelegate.swift in Sources */,
				2FC497E62265B22100EEF224 /* FilesGetServices.swift in Sources */,
				2FC497E42265B0D800EEF224 /* StringRes.swift in Sources */,
				2FC497DC2243BEB300EEF224 /* UploadService.swift in Sources */,
				2FC497DE2244C7DE00EEF224 /* ImgModel.swift in Sources */,
				2FC497E82266445B00EEF224 /* FilesDeleteServices.swift in Sources */,
				2FC497EA2266514E00EEF224 /* FolderServices.swift in Sources */,
			);
			runOnlyForDeploymentPostprocessing = 0;
		};
/* End PBXSourcesBuildPhase section */

/* Begin PBXVariantGroup section */
		2FC497CD2243BDB600EEF224 /* Main.storyboard */ = {
			isa = PBXVariantGroup;
			children = (
				2FC497CE2243BDB600EEF224 /* Base */,
			);
			name = Main.storyboard;
			sourceTree = "<group>";
		};
		2FC497D22243BDB700EEF224 /* LaunchScreen.storyboard */ = {
			isa = PBXVariantGroup;
			children = (
				2FC497D32243BDB700EEF224 /* Base */,
			);
			name = LaunchScreen.storyboard;
			sourceTree = "<group>";
		};
/* End PBXVariantGroup section */

/* Begin XCBuildConfiguration section */
		2FC497D62243BDB700EEF224 /* Debug */ = {
			isa = XCBuildConfiguration;
			buildSettings = {
				ALWAYS_SEARCH_USER_PATHS = NO;
				CLANG_ANALYZER_NONNULL = YES;
				CLANG_ANALYZER_NUMBER_OBJECT_CONVERSION = YES_AGGRESSIVE;
				CLANG_CXX_LANGUAGE_STANDARD = "gnu++14";
				CLANG_CXX_LIBRARY = "libc++";
				CLANG_ENABLE_MODULES = YES;
				CLANG_ENABLE_OBJC_ARC = YES;
				CLANG_ENABLE_OBJC_WEAK = YES;
				CLANG_WARN_BLOCK_CAPTURE_AUTORELEASING = YES;
				CLANG_WARN_BOOL_CONVERSION = YES;
				CLANG_WARN_COMMA = YES;
				CLANG_WARN_CONSTANT_CONVERSION = YES;
				CLANG_WARN_DEPRECATED_OBJC_IMPLEMENTATIONS = YES;
				CLANG_WARN_DIRECT_OBJC_ISA_USAGE = YES_ERROR;
				CLANG_WARN_DOCUMENTATION_COMMENTS = YES;
				CLANG_WARN_EMPTY_BODY = YES;
				CLANG_WARN_ENUM_CONVERSION = YES;
				CLANG_WARN_INFINITE_RECURSION = YES;
				CLANG_WARN_INT_CONVERSION = YES;
				CLANG_WARN_NON_LITERAL_NULL_CONVERSION = YES;
				CLANG_WARN_OBJC_IMPLICIT_RETAIN_SELF = YES;
				CLANG_WARN_OBJC_LITERAL_CONVERSION = YES;
				CLANG_WARN_OBJC_ROOT_CLASS = YES_ERROR;
				CLANG_WARN_RANGE_LOOP_ANALYSIS = YES;
				CLANG_WARN_STRICT_PROTOTYPES = YES;
				CLANG_WARN_SUSPICIOUS_MOVE = YES;
				CLANG_WARN_UNGUARDED_AVAILABILITY = YES_AGGRESSIVE;
				CLANG_WARN_UNREACHABLE_CODE = YES;
				CLANG_WARN__DUPLICATE_METHOD_MATCH = YES;
				CODE_SIGN_IDENTITY = "iPhone Developer";
				COPY_PHASE_STRIP = NO;
				DEBUG_INFORMATION_FORMAT = dwarf;
				ENABLE_STRICT_OBJC_MSGSEND = YES;
				ENABLE_TESTABILITY = YES;
				GCC_C_LANGUAGE_STANDARD = gnu11;
				GCC_DYNAMIC_NO_PIC = NO;
				GCC_NO_COMMON_BLOCKS = YES;
				GCC_OPTIMIZATION_LEVEL = 0;
				GCC_PREPROCESSOR_DEFINITIONS = (
					"DEBUG=1",
					"$(inherited)",
				);
				GCC_WARN_64_TO_32_BIT_CONVERSION = YES;
				GCC_WARN_ABOUT_RETURN_TYPE = YES_ERROR;
				GCC_WARN_UNDECLARED_SELECTOR = YES;
				GCC_WARN_UNINITIALIZED_AUTOS = YES_AGGRESSIVE;
				GCC_WARN_UNUSED_FUNCTION = YES;
				GCC_WARN_UNUSED_VARIABLE = YES;
				IPHONEOS_DEPLOYMENT_TARGET = 12.1;
				MTL_ENABLE_DEBUG_INFO = INCLUDE_SOURCE;
				MTL_FAST_MATH = YES;
				ONLY_ACTIVE_ARCH = YES;
				SDKROOT = iphoneos;
				SWIFT_ACTIVE_COMPILATION_CONDITIONS = DEBUG;
				SWIFT_OPTIMIZATION_LEVEL = "-Onone";
			};
			name = Debug;
		};
		2FC497D72243BDB700EEF224 /* Release */ = {
			isa = XCBuildConfiguration;
			buildSettings = {
				ALWAYS_SEARCH_USER_PATHS = NO;
				CLANG_ANALYZER_NONNULL = YES;
				CLANG_ANALYZER_NUMBER_OBJECT_CONVERSION = YES_AGGRESSIVE;
				CLANG_CXX_LANGUAGE_STANDARD = "gnu++14";
				CLANG_CXX_LIBRARY = "libc++";
				CLANG_ENABLE_MODULES = YES;
				CLANG_ENABLE_OBJC_ARC = YES;
				CLANG_ENABLE_OBJC_WEAK = YES;
				CLANG_WARN_BLOCK_CAPTURE_AUTORELEASING = YES;
				CLANG_WARN_BOOL_CONVERSION = YES;
				CLANG_WARN_COMMA = YES;
				CLANG_WARN_CONSTANT_CONVERSION = YES;
				CLANG_WARN_DEPRECATED_OBJC_IMPLEMENTATIONS = YES;
				CLANG_WARN_DIRECT_OBJC_ISA_USAGE = YES_ERROR;
				CLANG_WARN_DOCUMENTATION_COMMENTS = YES;
				CLANG_WARN_EMPTY_BODY = YES;
				CLANG_WARN_ENUM_CONVERSION = YES;
				CLANG_WARN_INFINITE_RECURSION = YES;
				CLANG_WARN_INT_CONVERSION = YES;
				CLANG_WARN_NON_LITERAL_NULL_CONVERSION = YES;
				CLANG_WARN_OBJC_IMPLICIT_RETAIN_SELF = YES;
				CLANG_WARN_OBJC_LITERAL_CONVERSION = YES;
				CLANG_WARN_OBJC_ROOT_CLASS = YES_ERROR;
				CLANG_WARN_RANGE_LOOP_ANALYSIS = YES;
				CLANG_WARN_STRICT_PROTOTYPES = YES;
				CLANG_WARN_SUSPICIOUS_MOVE = YES;
				CLANG_WARN_UNGUARDED_AVAILABILITY = YES_AGGRESSIVE;
				CLANG_WARN_UNREACHABLE_CODE = YES;
				CLANG_WARN__DUPLICATE_METHOD_MATCH = YES;
				CODE_SIGN_IDENTITY = "iPhone Developer";
				COPY_PHASE_STRIP = NO;
				DEBUG_INFORMATION_FORMAT = "dwarf-with-dsym";
				ENABLE_NS_ASSERTIONS = NO;
				ENABLE_STRICT_OBJC_MSGSEND = YES;
				GCC_C_LANGUAGE_STANDARD = gnu11;
				GCC_NO_COMMON_BLOCKS = YES;
				GCC_WARN_64_TO_32_BIT_CONVERSION = YES;
				GCC_WARN_ABOUT_RETURN_TYPE = YES_ERROR;
				GCC_WARN_UNDECLARED_SELECTOR = YES;
				GCC_WARN_UNINITIALIZED_AUTOS = YES_AGGRESSIVE;
				GCC_WARN_UNUSED_FUNCTION = YES;
				GCC_WARN_UNUSED_VARIABLE = YES;
				IPHONEOS_DEPLOYMENT_TARGET = 12.1;
				MTL_ENABLE_DEBUG_INFO = NO;
				MTL_FAST_MATH = YES;
				SDKROOT = iphoneos;
				SWIFT_COMPILATION_MODE = wholemodule;
				SWIFT_OPTIMIZATION_LEVEL = "-O";
				VALIDATE_PRODUCT = YES;
			};
			name = Release;
		};
		2FC497D92243BDB700EEF224 /* Debug */ = {
			isa = XCBuildConfiguration;
			buildSettings = {
				ASSETCATALOG_COMPILER_APPICON_NAME = AppIcon;
				CODE_SIGN_STYLE = Automatic;
				DEVELOPMENT_TEAM = "";
				INFOPLIST_FILE = ServerAssignment/Info.plist;
				LD_RUNPATH_SEARCH_PATHS = (
					"$(inherited)",
					"@executable_path/Frameworks",
				);
				PRODUCT_BUNDLE_IDENTIFIER = com.example.ServerAssignment;
				PRODUCT_NAME = "$(TARGET_NAME)";
				SWIFT_VERSION = 4.2;
				TARGETED_DEVICE_FAMILY = "1,2";
			};
			name = Debug;
		};
		2FC497DA2243BDB700EEF224 /* Release */ = {
			isa = XCBuildConfiguration;
			buildSettings = {
				ASSETCATALOG_COMPILER_APPICON_NAME = AppIcon;
				CODE_SIGN_STYLE = Automatic;
				DEVELOPMENT_TEAM = "";
				INFOPLIST_FILE = ServerAssignment/Info.plist;
				LD_RUNPATH_SEARCH_PATHS = (
					"$(inherited)",
					"@executable_path/Frameworks",
				);
				PRODUCT_BUNDLE_IDENTIFIER = com.example.ServerAssignment;
				PRODUCT_NAME = "$(TARGET_NAME)";
				SWIFT_VERSION = 4.2;
				TARGETED_DEVICE_FAMILY = "1,2";
			};
			name = Release;
		};
/* End XCBuildConfiguration section */

/* Begin XCConfigurationList section */
		2FC497C12243BDB500EEF224 /* Build configuration list for PBXProject "ServerAssignment" */ = {
			isa = XCConfigurationList;
			buildConfigurations = (
				2FC497D62243BDB700EEF224 /* Debug */,
				2FC497D72243BDB700EEF224 /* Release */,
			);
			defaultConfigurationIsVisible = 0;
			defaultConfigurationName = Release;
		};
		2FC497D82243BDB700EEF224 /* Build configuration list for PBXNativeTarget "ServerAssignment" */ = {
			isa = XCConfigurationList;
			buildConfigurations = (
				2FC497D92243BDB700EEF224 /* Debug */,
				2FC497DA2243BDB700EEF224 /* Release */,
			);
			defaultConfigurationIsVisible = 0;
			defaultConfigurationName = Release;
		};
/* End XCConfigurationList section */
	};
	rootObject = 2FC497BE2243BDB500EEF224 /* Project object */;
}
